
Microsoft Visual Studio Solution File, Format Version 12.00
# Visual Studio Version 16
VisualStudioVersion = 16.0.29911.84
MinimumVisualStudioVersion = 10.0.40219.1
Project("{FAE04EC0-301F-11D3-BF4B-00C04F79EFBC}") = "AiLab4", "AiLab4\AiLab4.csproj", "{B9FB5B29-F5E2-49E7-A277-135D13ED4AF1}"
EndProject
Global
	GlobalSection(SolutionConfigurationPlatforms) = preSolution
		Debug|Any CPU = Debug|Any CPU
		Release|Any CPU = Release|Any CPU
	EndGlobalSection
	GlobalSection(ProjectConfigurationPlatforms) = postSolution
		{B9FB5B29-F5E2-49E7-A277-135D13ED4AF1}.Debug|Any CPU.ActiveCfg = Debug|Any CPU
		{B9FB5B29-F5E2-49E7-A277-135D13ED4AF1}.Debug|Any CPU.Build.0 = Debug|Any CPU
		{B9FB5B29-F5E2-49E7-A277-135D13ED4AF1}.Release|Any CPU.ActiveCfg = Release|Any CPU
		{B9FB5B29-F5E2-49E7-A277-135D13ED4AF1}.Release|Any CPU.Build.0 = Release|Any CPU
	EndGlobalSection
	GlobalSection(SolutionProperties) = preSolution
		HideSolutionNode = FALSE
	EndGlobalSection
	GlobalSection(ExtensibilityGlobals) = postSolution
		SolutionGuid = {A3C0D6C6-DC4B-49FD-9705-8E7F4BF631A8}
	EndGlobalSection
EndGlobal
